
Microsoft Visual Studio Solution File, Format Version 12.00
# Visual Studio Version 16
VisualStudioVersion = 16.0.32602.291
MinimumVisualStudioVersion = 10.0.40219.1
Project("{FAE04EC0-301F-11D3-BF4B-00C04F79EFBC}") = "Food_Delivery", "Food_Delivery\Food_Delivery.csproj", "{296ECBE9-661F-456E-A59C-BAF46F11731B}"
EndProject
Project("{FAE04EC0-301F-11D3-BF4B-00C04F79EFBC}") = "DLL", "DLL\DLL.csproj", "{8B5C83E2-89B8-4430-82AE-59C02C55CEE8}"
EndProject
Project("{FAE04EC0-301F-11D3-BF4B-00C04F79EFBC}") = "BLL", "BLL\BLL.csproj", "{C38B3751-F898-4DFF-8084-0AFE52086547}"
EndProject
Global
	GlobalSection(SolutionConfigurationPlatforms) = preSolution
		Debug|Any CPU = Debug|Any CPU
		Release|Any CPU = Release|Any CPU
	EndGlobalSection
	GlobalSection(ProjectConfigurationPlatforms) = postSolution
		{296ECBE9-661F-456E-A59C-BAF46F11731B}.Debug|Any CPU.ActiveCfg = Debug|Any CPU
		{296ECBE9-661F-456E-A59C-BAF46F11731B}.Debug|Any CPU.Build.0 = Debug|Any CPU
		{296ECBE9-661F-456E-A59C-BAF46F11731B}.Release|Any CPU.ActiveCfg = Release|Any CPU
		{296ECBE9-661F-456E-A59C-BAF46F11731B}.Release|Any CPU.Build.0 = Release|Any CPU
		{8B5C83E2-89B8-4430-82AE-59C02C55CEE8}.Debug|Any CPU.ActiveCfg = Debug|Any CPU
		{8B5C83E2-89B8-4430-82AE-59C02C55CEE8}.Debug|Any CPU.Build.0 = Debug|Any CPU
		{8B5C83E2-89B8-4430-82AE-59C02C55CEE8}.Release|Any CPU.ActiveCfg = Release|Any CPU
		{8B5C83E2-89B8-4430-82AE-59C02C55CEE8}.Release|Any CPU.Build.0 = Release|Any CPU
		{C38B3751-F898-4DFF-8084-0AFE52086547}.Debug|Any CPU.ActiveCfg = Debug|Any CPU
		{C38B3751-F898-4DFF-8084-0AFE52086547}.Debug|Any CPU.Build.0 = Debug|Any CPU
		{C38B3751-F898-4DFF-8084-0AFE52086547}.Release|Any CPU.ActiveCfg = Release|Any CPU
		{C38B3751-F898-4DFF-8084-0AFE52086547}.Release|Any CPU.Build.0 = Release|Any CPU
	EndGlobalSection
	GlobalSection(SolutionProperties) = preSolution
		HideSolutionNode = FALSE
	EndGlobalSection
	GlobalSection(ExtensibilityGlobals) = postSolution
		SolutionGuid = {BFB1A5B9-56C4-42EA-8EBB-289CB6E5F3FD}
	EndGlobalSection
EndGlobal
